
Microsoft Visual Studio Solution File, Format Version 12.00
# Visual Studio 2013
VisualStudioVersion = 12.0.31101.0
MinimumVisualStudioVersion = 10.0.40219.1
Project("{FAE04EC0-301F-11D3-BF4B-00C04F79EFBC}") = "MTNSAWeb", "MTNSAWeb\MTNSAWeb.csproj", "{C229D9AC-4467-4453-B1B6-3D9D8AE56765}"
EndProject
Project("{FAE04EC0-301F-11D3-BF4B-00C04F79EFBC}") = "MTNCChat", "MTNCChat\MTNCChat.csproj", "{0E76B2CE-F9C8-46A4-AFA3-63B841C46FE1}"
EndProject
Project("{FAE04EC0-301F-11D3-BF4B-00C04F79EFBC}") = "MTNCMWeb", "MTNCMWeb\MTNCMWeb.csproj", "{4605FAB4-2D27-488B-A0FF-2C5C78F92D53}"
EndProject
Project("{FAE04EC0-301F-11D3-BF4B-00C04F79EFBC}") = "MTNNSub", "MTNNSub\MTNNSub.csproj", "{7CBECB80-2B6F-4B0C-94C4-E2F2287945FE}"
EndProject
Project("{FAE04EC0-301F-11D3-BF4B-00C04F79EFBC}") = "MTNNSendSMS", "MTNNSendSMS\MTNNSendSMS.csproj", "{4D358E4F-62F3-4D71-B660-87B41CF574AB}"
EndProject
Project("{FAE04EC0-301F-11D3-BF4B-00C04F79EFBC}") = "MTNNSubSMS", "MTNNSubSMS\MTNNSubSMS.csproj", "{60D67210-0AEA-4FBF-A5E8-833C7A81E228}"
EndProject
Project("{FAE04EC0-301F-11D3-BF4B-00C04F79EFBC}") = "MTNNWeb", "MTNNWeb\MTNNWeb.csproj", "{55D70B88-B1AD-4A5F-AFEE-D93FE67C1D29}"
EndProject
Project("{FAE04EC0-301F-11D3-BF4B-00C04F79EFBC}") = "MTNCInfo", "MTNCInfo\MTNCInfo.csproj", "{24E0BE62-EEE7-4ADA-9FF8-C9C196AC12FF}"
EndProject
Global
	GlobalSection(SolutionConfigurationPlatforms) = preSolution
		Debug|Any CPU = Debug|Any CPU
		Release|Any CPU = Release|Any CPU
	EndGlobalSection
	GlobalSection(ProjectConfigurationPlatforms) = postSolution
		{C229D9AC-4467-4453-B1B6-3D9D8AE56765}.Debug|Any CPU.ActiveCfg = Debug|Any CPU
		{C229D9AC-4467-4453-B1B6-3D9D8AE56765}.Debug|Any CPU.Build.0 = Debug|Any CPU
		{C229D9AC-4467-4453-B1B6-3D9D8AE56765}.Release|Any CPU.ActiveCfg = Release|Any CPU
		{C229D9AC-4467-4453-B1B6-3D9D8AE56765}.Release|Any CPU.Build.0 = Release|Any CPU
		{0E76B2CE-F9C8-46A4-AFA3-63B841C46FE1}.Debug|Any CPU.ActiveCfg = Debug|Any CPU
		{0E76B2CE-F9C8-46A4-AFA3-63B841C46FE1}.Debug|Any CPU.Build.0 = Debug|Any CPU
		{0E76B2CE-F9C8-46A4-AFA3-63B841C46FE1}.Release|Any CPU.ActiveCfg = Release|Any CPU
		{0E76B2CE-F9C8-46A4-AFA3-63B841C46FE1}.Release|Any CPU.Build.0 = Release|Any CPU
		{4605FAB4-2D27-488B-A0FF-2C5C78F92D53}.Debug|Any CPU.ActiveCfg = Debug|Any CPU
		{4605FAB4-2D27-488B-A0FF-2C5C78F92D53}.Debug|Any CPU.Build.0 = Debug|Any CPU
		{4605FAB4-2D27-488B-A0FF-2C5C78F92D53}.Release|Any CPU.ActiveCfg = Release|Any CPU
		{4605FAB4-2D27-488B-A0FF-2C5C78F92D53}.Release|Any CPU.Build.0 = Release|Any CPU
		{7CBECB80-2B6F-4B0C-94C4-E2F2287945FE}.Debug|Any CPU.ActiveCfg = Debug|Any CPU
		{7CBECB80-2B6F-4B0C-94C4-E2F2287945FE}.Debug|Any CPU.Build.0 = Debug|Any CPU
		{7CBECB80-2B6F-4B0C-94C4-E2F2287945FE}.Release|Any CPU.ActiveCfg = Release|Any CPU
		{7CBECB80-2B6F-4B0C-94C4-E2F2287945FE}.Release|Any CPU.Build.0 = Release|Any CPU
		{4D358E4F-62F3-4D71-B660-87B41CF574AB}.Debug|Any CPU.ActiveCfg = Debug|Any CPU
		{4D358E4F-62F3-4D71-B660-87B41CF574AB}.Debug|Any CPU.Build.0 = Debug|Any CPU
		{4D358E4F-62F3-4D71-B660-87B41CF574AB}.Release|Any CPU.ActiveCfg = Release|Any CPU
		{4D358E4F-62F3-4D71-B660-87B41CF574AB}.Release|Any CPU.Build.0 = Release|Any CPU
		{60D67210-0AEA-4FBF-A5E8-833C7A81E228}.Debug|Any CPU.ActiveCfg = Debug|Any CPU
		{60D67210-0AEA-4FBF-A5E8-833C7A81E228}.Debug|Any CPU.Build.0 = Debug|Any CPU
		{60D67210-0AEA-4FBF-A5E8-833C7A81E228}.Release|Any CPU.ActiveCfg = Release|Any CPU
		{60D67210-0AEA-4FBF-A5E8-833C7A81E228}.Release|Any CPU.Build.0 = Release|Any CPU
		{55D70B88-B1AD-4A5F-AFEE-D93FE67C1D29}.Debug|Any CPU.ActiveCfg = Debug|Any CPU
		{55D70B88-B1AD-4A5F-AFEE-D93FE67C1D29}.Debug|Any CPU.Build.0 = Debug|Any CPU
		{55D70B88-B1AD-4A5F-AFEE-D93FE67C1D29}.Release|Any CPU.ActiveCfg = Release|Any CPU
		{55D70B88-B1AD-4A5F-AFEE-D93FE67C1D29}.Release|Any CPU.Build.0 = Release|Any CPU
		{24E0BE62-EEE7-4ADA-9FF8-C9C196AC12FF}.Debug|Any CPU.ActiveCfg = Debug|Any CPU
		{24E0BE62-EEE7-4ADA-9FF8-C9C196AC12FF}.Debug|Any CPU.Build.0 = Debug|Any CPU
		{24E0BE62-EEE7-4ADA-9FF8-C9C196AC12FF}.Release|Any CPU.ActiveCfg = Release|Any CPU
		{24E0BE62-EEE7-4ADA-9FF8-C9C196AC12FF}.Release|Any CPU.Build.0 = Release|Any CPU
	EndGlobalSection
	GlobalSection(SolutionProperties) = preSolution
		HideSolutionNode = FALSE
	EndGlobalSection
EndGlobal
